// !$*UTF8*$!
{
	archiveVersion = 1;
	classes = {
	};
	objectVersion = 50;
	objects = {

/* Begin PBXBuildFile section */
		30A78B172631E1B3000C05F6 /* AppDelegate.swift in Sources */ = {isa = PBXBuildFile; fileRef = 30A78B162631E1B3000C05F6 /* AppDelegate.swift */; };
		30A78B192631E1B3000C05F6 /* SceneDelegate.swift in Sources */ = {isa = PBXBuildFile; fileRef = 30A78B182631E1B3000C05F6 /* SceneDelegate.swift */; };
		30A78B1B2631E1B3000C05F6 /* ViewController.swift in Sources */ = {isa = PBXBuildFile; fileRef = 30A78B1A2631E1B3000C05F6 /* ViewController.swift */; };
		30A78B1E2631E1B3000C05F6 /* Main.storyboard in Resources */ = {isa = PBXBuildFile; fileRef = 30A78B1C2631E1B3000C05F6 /* Main.storyboard */; };
		30A78B202631E1B4000C05F6 /* Assets.xcassets in Resources */ = {isa = PBXBuildFile; fileRef = 30A78B1F2631E1B4000C05F6 /* Assets.xcassets */; };
		30A78B232631E1B4000C05F6 /* LaunchScreen.storyboard in Resources */ = {isa = PBXBuildFile; fileRef = 30A78B212631E1B4000C05F6 /* LaunchScreen.storyboard */; };
		30A78B2D2631E202000C05F6 /* ProfileView.xib in Resources */ = {isa = PBXBuildFile; fileRef = 30A78B2C2631E202000C05F6 /* ProfileView.xib */; };
		30A78B302631E2FD000C05F6 /* ProfileView.swift in Sources */ = {isa = PBXBuildFile; fileRef = 30A78B2F2631E2FD000C05F6 /* ProfileView.swift */; };
		30A78B362631E729000C05F6 /* ProfileViewController.swift in Sources */ = {isa = PBXBuildFile; fileRef = 30A78B352631E729000C05F6 /* ProfileViewController.swift */; };
		30A78B3A2631EA2A000C05F6 /* Profile.storyboard in Resources */ = {isa = PBXBuildFile; fileRef = 30A78B392631EA2A000C05F6 /* Profile.storyboard */; };
/* End PBXBuildFile section */

/* Begin PBXFileReference section */
		30A78B132631E1B3000C05F6 /* Netology_IB_Instruments.app */ = {isa = PBXFileReference; explicitFileType = wrapper.application; includeInIndex = 0; path = Netology_IB_Instruments.app; sourceTree = BUILT_PRODUCTS_DIR; };
		30A78B162631E1B3000C05F6 /* AppDelegate.swift */ = {isa = PBXFileReference; lastKnownFileType = sourcecode.swift; path = AppDelegate.swift; sourceTree = "<group>"; };
		30A78B182631E1B3000C05F6 /* SceneDelegate.swift */ = {isa = PBXFileReference; lastKnownFileType = sourcecode.swift; path = SceneDelegate.swift; sourceTree = "<group>"; };
		30A78B1A2631E1B3000C05F6 /* ViewController.swift */ = {isa = PBXFileReference; lastKnownFileType = sourcecode.swift; path = ViewController.swift; sourceTree = "<group>"; };
		30A78B1D2631E1B3000C05F6 /* Base */ = {isa = PBXFileReference; lastKnownFileType = file.storyboard; name = Base; path = Base.lproj/Main.storyboard; sourceTree = "<group>"; };
		30A78B1F2631E1B4000C05F6 /* Assets.xcassets */ = {isa = PBXFileReference; lastKnownFileType = folder.assetcatalog; path = Assets.xcassets; sourceTree = "<group>"; };
		30A78B222631E1B4000C05F6 /* Base */ = {isa = PBXFileReference; lastKnownFileType = file.storyboard; name = Base; path = Base.lproj/LaunchScreen.storyboard; sourceTree = "<group>"; };
		30A78B242631E1B4000C05F6 /* Info.plist */ = {isa = PBXFileReference; lastKnownFileType = text.plist.xml; path = Info.plist; sourceTree = "<group>"; };
		30A78B2C2631E202000C05F6 /* ProfileView.xib */ = {isa = PBXFileReference; lastKnownFileType = file.xib; path = ProfileView.xib; sourceTree = "<group>"; };
		30A78B2F2631E2FD000C05F6 /* ProfileView.swift */ = {isa = PBXFileReference; lastKnownFileType = sourcecode.swift; path = ProfileView.swift; sourceTree = "<group>"; };
		30A78B352631E729000C05F6 /* ProfileViewController.swift */ = {isa = PBXFileReference; lastKnownFileType = sourcecode.swift; path = ProfileViewController.swift; sourceTree = "<group>"; };
		30A78B392631EA2A000C05F6 /* Profile.storyboard */ = {isa = PBXFileReference; lastKnownFileType = file.storyboard; path = Profile.storyboard; sourceTree = "<group>"; };
/* End PBXFileReference section */

/* Begin PBXFrameworksBuildPhase section */
		30A78B102631E1B3000C05F6 /* Frameworks */ = {
			isa = PBXFrameworksBuildPhase;
			buildActionMask = 2147483647;
			files = (
			);
			runOnlyForDeploymentPostprocessing = 0;
		};
/* End PBXFrameworksBuildPhase section */

/* Begin PBXGroup section */
		30A78B0A2631E1B3000C05F6 = {
			isa = PBXGroup;
			children = (
				30A78B152631E1B3000C05F6 /* Netology_IB_Instruments */,
				30A78B142631E1B3000C05F6 /* Products */,
			);
			sourceTree = "<group>";
		};
		30A78B142631E1B3000C05F6 /* Products */ = {
			isa = PBXGroup;
			children = (
				30A78B132631E1B3000C05F6 /* Netology_IB_Instruments.app */,
			);
			name = Products;
			sourceTree = "<group>";
		};
		30A78B152631E1B3000C05F6 /* Netology_IB_Instruments */ = {
			isa = PBXGroup;
			children = (
				30A78B162631E1B3000C05F6 /* AppDelegate.swift */,
				30A78B182631E1B3000C05F6 /* SceneDelegate.swift */,
				30A78B1A2631E1B3000C05F6 /* ViewController.swift */,
				30A78B1C2631E1B3000C05F6 /* Main.storyboard */,
				30A78B1F2631E1B4000C05F6 /* Assets.xcassets */,
				30A78B212631E1B4000C05F6 /* LaunchScreen.storyboard */,
				30A78B242631E1B4000C05F6 /* Info.plist */,
				30A78B2B2631E1D3000C05F6 /* ProfileView */,
			);
			path = Netology_IB_Instruments;
			sourceTree = "<group>";
		};
		30A78B2B2631E1D3000C05F6 /* ProfileView */ = {
			isa = PBXGroup;
			children = (
				30A78B2C2631E202000C05F6 /* ProfileView.xib */,
				30A78B2F2631E2FD000C05F6 /* ProfileView.swift */,
				30A78B352631E729000C05F6 /* ProfileViewController.swift */,
				30A78B392631EA2A000C05F6 /* Profile.storyboard */,
			);
			path = ProfileView;
			sourceTree = "<group>";
		};
/* End PBXGroup section */

/* Begin PBXNativeTarget section */
		30A78B122631E1B3000C05F6 /* Netology_IB_Instruments */ = {
			isa = PBXNativeTarget;
			buildConfigurationList = 30A78B272631E1B4000C05F6 /* Build configuration list for PBXNativeTarget "Netology_IB_Instruments" */;
			buildPhases = (
				30A78B0F2631E1B3000C05F6 /* Sources */,
				30A78B102631E1B3000C05F6 /* Frameworks */,
				30A78B112631E1B3000C05F6 /* Resources */,
			);
			buildRules = (
			);
			dependencies = (
			);
			name = Netology_IB_Instruments;
			productName = Netology_IB_Instruments;
			productReference = 30A78B132631E1B3000C05F6 /* Netology_IB_Instruments.app */;
			productType = "com.apple.product-type.application";
		};
/* End PBXNativeTarget section */

/* Begin PBXProject section */
		30A78B0B2631E1B3000C05F6 /* Project object */ = {
			isa = PBXProject;
			attributes = {
				LastSwiftUpdateCheck = 1240;
				LastUpgradeCheck = 1240;
				TargetAttributes = {
					30A78B122631E1B3000C05F6 = {
						CreatedOnToolsVersion = 12.4;
					};
				};
			};
			buildConfigurationList = 30A78B0E2631E1B3000C05F6 /* Build configuration list for PBXProject "Netology_IB_Instruments" */;
			compatibilityVersion = "Xcode 9.3";
			developmentRegion = en;
			hasScannedForEncodings = 0;
			knownRegions = (
				en,
				Base,
			);
			mainGroup = 30A78B0A2631E1B3000C05F6;
			productRefGroup = 30A78B142631E1B3000C05F6 /* Products */;
			projectDirPath = "";
			projectRoot = "";
			targets = (
				30A78B122631E1B3000C05F6 /* Netology_IB_Instruments */,
			);
		};
/* End PBXProject section */

/* Begin PBXResourcesBuildPhase section */
		30A78B112631E1B3000C05F6 /* Resources */ = {
			isa = PBXResourcesBuildPhase;
			buildActionMask = 2147483647;
			files = (
				30A78B2D2631E202000C05F6 /* ProfileView.xib in Resources */,
				30A78B232631E1B4000C05F6 /* LaunchScreen.storyboard in Resources */,
				30A78B3A2631EA2A000C05F6 /* Profile.storyboard in Resources */,
				30A78B202631E1B4000C05F6 /* Assets.xcassets in Resources */,
				30A78B1E2631E1B3000C05F6 /* Main.storyboard in Resources */,
			);
			runOnlyForDeploymentPostprocessing = 0;
		};
/* End PBXResourcesBuildPhase section */

/* Begin PBXSourcesBuildPhase section */
		30A78B0F2631E1B3000C05F6 /* Sources */ = {
			isa = PBXSourcesBuildPhase;
			buildActionMask = 2147483647;
			files = (
				30A78B302631E2FD000C05F6 /* ProfileView.swift in Sources */,
				30A78B1B2631E1B3000C05F6 /* ViewController.swift in Sources */,
				30A78B362631E729000C05F6 /* ProfileViewController.swift in Sources */,
				30A78B172631E1B3000C05F6 /* AppDelegate.swift in Sources */,
				30A78B192631E1B3000C05F6 /* SceneDelegate.swift in Sources */,
			);
			runOnlyForDeploymentPostprocessing = 0;
		};
/* End PBXSourcesBuildPhase section */

/* Begin PBXVariantGroup section */
		30A78B1C2631E1B3000C05F6 /* Main.storyboard */ = {
			isa = PBXVariantGroup;
			children = (
				30A78B1D2631E1B3000C05F6 /* Base */,
			);
			name = Main.storyboard;
			sourceTree = "<group>";
		};
		30A78B212631E1B4000C05F6 /* LaunchScreen.storyboard */ = {
			isa = PBXVariantGroup;
			children = (
				30A78B222631E1B4000C05F6 /* Base */,
			);
			name = LaunchScreen.storyboard;
			sourceTree = "<group>";
		};
/* End PBXVariantGroup section */

/* Begin XCBuildConfiguration section */
		30A78B252631E1B4000C05F6 /* Debug */ = {
			isa = XCBuildConfiguration;
			buildSettings = {
				ALWAYS_SEARCH_USER_PATHS = NO;
				CLANG_ANALYZER_NONNULL = YES;
				CLANG_ANALYZER_NUMBER_OBJECT_CONVERSION = YES_AGGRESSIVE;
				CLANG_CXX_LANGUAGE_STANDARD = "gnu++14";
				CLANG_CXX_LIBRARY = "libc++";
				CLANG_ENABLE_MODULES = YES;
				CLANG_ENABLE_OBJC_ARC = YES;
				CLANG_ENABLE_OBJC_WEAK = YES;
				CLANG_WARN_BLOCK_CAPTURE_AUTORELEASING = YES;
				CLANG_WARN_BOOL_CONVERSION = YES;
				CLANG_WARN_COMMA = YES;
				CLANG_WARN_CONSTANT_CONVERSION = YES;
				CLANG_WARN_DEPRECATED_OBJC_IMPLEMENTATIONS = YES;
				CLANG_WARN_DIRECT_OBJC_ISA_USAGE = YES_ERROR;
				CLANG_WARN_DOCUMENTATION_COMMENTS = YES;
				CLANG_WARN_EMPTY_BODY = YES;
				CLANG_WARN_ENUM_CONVERSION = YES;
				CLANG_WARN_INFINITE_RECURSION = YES;
				CLANG_WARN_INT_CONVERSION = YES;
				CLANG_WARN_NON_LITERAL_NULL_CONVERSION = YES;
				CLANG_WARN_OBJC_IMPLICIT_RETAIN_SELF = YES;
				CLANG_WARN_OBJC_LITERAL_CONVERSION = YES;
				CLANG_WARN_OBJC_ROOT_CLASS = YES_ERROR;
				CLANG_WARN_QUOTED_INCLUDE_IN_FRAMEWORK_HEADER = YES;
				CLANG_WARN_RANGE_LOOP_ANALYSIS = YES;
				CLANG_WARN_STRICT_PROTOTYPES = YES;
				CLANG_WARN_SUSPICIOUS_MOVE = YES;
				CLANG_WARN_UNGUARDED_AVAILABILITY = YES_AGGRESSIVE;
				CLANG_WARN_UNREACHABLE_CODE = YES;
				CLANG_WARN__DUPLICATE_METHOD_MATCH = YES;
				COPY_PHASE_STRIP = NO;
				DEBUG_INFORMATION_FORMAT = dwarf;
				ENABLE_STRICT_OBJC_MSGSEND = YES;
				ENABLE_TESTABILITY = YES;
				GCC_C_LANGUAGE_STANDARD = gnu11;
				GCC_DYNAMIC_NO_PIC = NO;
				GCC_NO_COMMON_BLOCKS = YES;
				GCC_OPTIMIZATION_LEVEL = 0;
				GCC_PREPROCESSOR_DEFINITIONS = (
					"DEBUG=1",
					"$(inherited)",
				);
				GCC_WARN_64_TO_32_BIT_CONVERSION = YES;
				GCC_WARN_ABOUT_RETURN_TYPE = YES_ERROR;
				GCC_WARN_UNDECLARED_SELECTOR = YES;
				GCC_WARN_UNINITIALIZED_AUTOS = YES_AGGRESSIVE;
				GCC_WARN_UNUSED_FUNCTION = YES;
				GCC_WARN_UNUSED_VARIABLE = YES;
				IPHONEOS_DEPLOYMENT_TARGET = 14.4;
				MTL_ENABLE_DEBUG_INFO = INCLUDE_SOURCE;
				MTL_FAST_MATH = YES;
				ONLY_ACTIVE_ARCH = YES;
				SDKROOT = iphoneos;
				SWIFT_ACTIVE_COMPILATION_CONDITIONS = DEBUG;
				SWIFT_OPTIMIZATION_LEVEL = "-Onone";
			};
			name = Debug;
		};
		30A78B262631E1B4000C05F6 /* Release */ = {
			isa = XCBuildConfiguration;
			buildSettings = {
				ALWAYS_SEARCH_USER_PATHS = NO;
				CLANG_ANALYZER_NONNULL = YES;
				CLANG_ANALYZER_NUMBER_OBJECT_CONVERSION = YES_AGGRESSIVE;
				CLANG_CXX_LANGUAGE_STANDARD = "gnu++14";
				CLANG_CXX_LIBRARY = "libc++";
				CLANG_ENABLE_MODULES = YES;
				CLANG_ENABLE_OBJC_ARC = YES;
				CLANG_ENABLE_OBJC_WEAK = YES;
				CLANG_WARN_BLOCK_CAPTURE_AUTORELEASING = YES;
				CLANG_WARN_BOOL_CONVERSION = YES;
				CLANG_WARN_COMMA = YES;
				CLANG_WARN_CONSTANT_CONVERSION = YES;
				CLANG_WARN_DEPRECATED_OBJC_IMPLEMENTATIONS = YES;
				CLANG_WARN_DIRECT_OBJC_ISA_USAGE = YES_ERROR;
				CLANG_WARN_DOCUMENTATION_COMMENTS = YES;
				CLANG_WARN_EMPTY_BODY = YES;
				CLANG_WARN_ENUM_CONVERSION = YES;
				CLANG_WARN_INFINITE_RECURSION = YES;
				CLANG_WARN_INT_CONVERSION = YES;
				CLANG_WARN_NON_LITERAL_NULL_CONVERSION = YES;
				CLANG_WARN_OBJC_IMPLICIT_RETAIN_SELF = YES;
				CLANG_WARN_OBJC_LITERAL_CONVERSION = YES;
				CLANG_WARN_OBJC_ROOT_CLASS = YES_ERROR;
				CLANG_WARN_QUOTED_INCLUDE_IN_FRAMEWORK_HEADER = YES;
				CLANG_WARN_RANGE_LOOP_ANALYSIS = YES;
				CLANG_WARN_STRICT_PROTOTYPES = YES;
				CLANG_WARN_SUSPICIOUS_MOVE = YES;
				CLANG_WARN_UNGUARDED_AVAILABILITY = YES_AGGRESSIVE;
				CLANG_WARN_UNREACHABLE_CODE = YES;
				CLANG_WARN__DUPLICATE_METHOD_MATCH = YES;
				COPY_PHASE_STRIP = NO;
				DEBUG_INFORMATION_FORMAT = "dwarf-with-dsym";
				ENABLE_NS_ASSERTIONS = NO;
				ENABLE_STRICT_OBJC_MSGSEND = YES;
				GCC_C_LANGUAGE_STANDARD = gnu11;
				GCC_NO_COMMON_BLOCKS = YES;
				GCC_WARN_64_TO_32_BIT_CONVERSION = YES;
				GCC_WARN_ABOUT_RETURN_TYPE = YES_ERROR;
				GCC_WARN_UNDECLARED_SELECTOR = YES;
				GCC_WARN_UNINITIALIZED_AUTOS = YES_AGGRESSIVE;
				GCC_WARN_UNUSED_FUNCTION = YES;
				GCC_WARN_UNUSED_VARIABLE = YES;
				IPHONEOS_DEPLOYMENT_TARGET = 14.4;
				MTL_ENABLE_DEBUG_INFO = NO;
				MTL_FAST_MATH = YES;
				SDKROOT = iphoneos;
				SWIFT_COMPILATION_MODE = wholemodule;
				SWIFT_OPTIMIZATION_LEVEL = "-O";
				VALIDATE_PRODUCT = YES;
			};
			name = Release;
		};
		30A78B282631E1B4000C05F6 /* Debug */ = {
			isa = XCBuildConfiguration;
			buildSettings = {
				ASSETCATALOG_COMPILER_APPICON_NAME = AppIcon;
				ASSETCATALOG_COMPILER_GLOBAL_ACCENT_COLOR_NAME = AccentColor;
				CODE_SIGN_STYLE = Automatic;
				INFOPLIST_FILE = Netology_IB_Instruments/Info.plist;
				LD_RUNPATH_SEARCH_PATHS = (
					"$(inherited)",
					"@executable_path/Frameworks",
				);
				PRODUCT_BUNDLE_IDENTIFIER = "com.example.Netology-IB-Instruments";
				PRODUCT_NAME = "$(TARGET_NAME)";
				SWIFT_VERSION = 5.0;
				TARGETED_DEVICE_FAMILY = "1,2";
			};
			name = Debug;
		};
		30A78B292631E1B4000C05F6 /* Release */ = {
			isa = XCBuildConfiguration;
			buildSettings = {
				ASSETCATALOG_COMPILER_APPICON_NAME = AppIcon;
				ASSETCATALOG_COMPILER_GLOBAL_ACCENT_COLOR_NAME = AccentColor;
				CODE_SIGN_STYLE = Automatic;
				INFOPLIST_FILE = Netology_IB_Instruments/Info.plist;
				LD_RUNPATH_SEARCH_PATHS = (
					"$(inherited)",
					"@executable_path/Frameworks",
				);
				PRODUCT_BUNDLE_IDENTIFIER = "com.example.Netology-IB-Instruments";
				PRODUCT_NAME = "$(TARGET_NAME)";
				SWIFT_VERSION = 5.0;
				TARGETED_DEVICE_FAMILY = "1,2";
			};
			name = Release;
		};
/* End XCBuildConfiguration section */

/* Begin XCConfigurationList section */
		30A78B0E2631E1B3000C05F6 /* Build configuration list for PBXProject "Netology_IB_Instruments" */ = {
			isa = XCConfigurationList;
			buildConfigurations = (
				30A78B252631E1B4000C05F6 /* Debug */,
				30A78B262631E1B4000C05F6 /* Release */,
			);
			defaultConfigurationIsVisible = 0;
			defaultConfigurationName = Release;
		};
		30A78B272631E1B4000C05F6 /* Build configuration list for PBXNativeTarget "Netology_IB_Instruments" */ = {
			isa = XCConfigurationList;
			buildConfigurations = (
				30A78B282631E1B4000C05F6 /* Debug */,
				30A78B292631E1B4000C05F6 /* Release */,
			);
			defaultConfigurationIsVisible = 0;
			defaultConfigurationName = Release;
		};
/* End XCConfigurationList section */
	};
	rootObject = 30A78B0B2631E1B3000C05F6 /* Project object */;
}
